{
  "name": "jokes",
  "version": "1.0.0",
  "lockfileVersion": 1,
  "requires": true,
  "dependencies": {
    "dotenv": {
      "version": "8.5.1",
      "resolved": "https://registry.npmjs.org/dotenv/-/dotenv-8.5.1.tgz",
      "integrity": "sha512-qC1FbhCH7UH7B+BcRNUDhAk04d/n+tnGGB1ctwndZkVFeehYJOn39pRWWzmdzpFqImyX1KB8tO0DCHLf8yRaYQ=="
    }
  }
}
